{
	"name": "@karhoo/demand-bloc-payment",
	"version": "17.5.1",
	"lockfileVersion": 1,
	"requires": true,
	"dependencies": {
		"@adyen/adyen-web": {
			"version": "4.9.0",
			"resolved": "https://registry.npmjs.org/@adyen/adyen-web/-/adyen-web-4.9.0.tgz",
			"integrity": "sha512-qLRMt7JaA2SCoOtT2oipdrGU+CUuVqF35JQHYrc13buuWQmMHRTQSVrgdK60AoA/KkfekFmVyf1UNMcHnuyQbQ==",
			"requires": {
				"@types/applepayjs": "^3.0.2",
				"@types/googlepay": "^0.6.2",
				"classnames": "^2.3.1",
				"core-js": "^3.18.1",
				"preact": "^10.5.13"
			}
		},
		"@braintree/asset-loader": {
			"version": "0.3.1",
			"resolved": "https://registry.npmjs.org/@braintree/asset-loader/-/asset-loader-0.3.1.tgz",
			"integrity": "sha512-6Jkps+3iobSwMOqSXHUwIU39QARDFr0T6R/OcIAKX51SlZbc8q9VXl+lxjsDDnNF8cybXn07OGEypeNs9ZKJ6g==",
			"requires": {
				"promise-polyfill": "^8.1.0"
			}
		},
		"@braintree/browser-detection": {
			"version": "1.9.0",
			"resolved": "https://registry.npmjs.org/@braintree/browser-detection/-/browser-detection-1.9.0.tgz",
			"integrity": "sha512-EEj6I9vRuxfvWRo4se5b13BP2nBVOJS9qoMKjFLJAMW+84/xgCaN6pYbZH8G6rDXhPUdkzqUPEGB3n+VdNFjTQ=="
		},
		"@braintree/class-list": {
			"version": "0.1.0",
			"resolved": "https://registry.npmjs.org/@braintree/class-list/-/class-list-0.1.0.tgz",
			"integrity": "sha512-AmXPsYhiNJKcxuwkgQjwyyTwFCeRlyFTeUJ9ecV/jLxS8ZH8fCAB4enYgArMRyvCekZZkqLK54kOJ6+OJBzJwA=="
		},
		"@braintree/event-emitter": {
			"version": "0.3.0",
			"resolved": "https://registry.npmjs.org/@braintree/event-emitter/-/event-emitter-0.3.0.tgz",
			"integrity": "sha512-yzC81QgTuL18RK9Da4C5oAyta5OLNZ3mGqiGKZFc8BKxOnGJN5ObhiFiOdbMbvPUYJQ4teZsal7j00o5RFlGcQ=="
		},
		"@braintree/extended-promise": {
			"version": "0.3.0",
			"resolved": "https://registry.npmjs.org/@braintree/extended-promise/-/extended-promise-0.3.0.tgz",
			"integrity": "sha512-AOBCcLlDo/JzxKfHN0s3QQjtDjVPgQAQ5INUomloTfg6qq5inEdHOkvts8Z/9RqqoCrOKgEbnRpGgWMQn+z1RA=="
		},
		"@braintree/iframer": {
			"version": "1.0.3",
			"resolved": "https://registry.npmjs.org/@braintree/iframer/-/iframer-1.0.3.tgz",
			"integrity": "sha1-Id0f1M69QVSuqx76TVsNX0OENk4="
		},
		"@braintree/sanitize-url": {
			"version": "4.0.1",
			"resolved": "https://registry.npmjs.org/@braintree/sanitize-url/-/sanitize-url-4.0.1.tgz",
			"integrity": "sha512-THIQtVN491hY2rTZ/h5boj0CwDKrZQIUnfaj6RbpGwRJKfmEIgNpgcCJC3KZl1Vux9bQmdE2P4Q7cYUoSUQ4MA=="
		},
		"@braintree/wrap-promise": {
			"version": "2.0.0",
			"resolved": "https://registry.npmjs.org/@braintree/wrap-promise/-/wrap-promise-2.0.0.tgz",
			"integrity": "sha512-I9s8c/bHBx7gM04yHGKjRoyqX1NhT4d3RIQjLZDW+yFI3DRmi/8JYDpxQeW4fiU6bWX2f3KV1Oa8r2nwKeaAwA=="
		},
		"@types/applepayjs": {
			"version": "3.0.4",
			"resolved": "https://registry.npmjs.org/@types/applepayjs/-/applepayjs-3.0.4.tgz",
			"integrity": "sha512-RqaVZWy1Kj4e1PoUoOI8uA+4UuuLpicQFxfU9Y/xWJFZFT6mFB4PiiY911iDxFk7pdvaj5HKH7VsWRisRca1Rg=="
		},
		"@types/googlepay": {
			"version": "0.6.4",
			"resolved": "https://registry.npmjs.org/@types/googlepay/-/googlepay-0.6.4.tgz",
			"integrity": "sha512-PTt/UCllzl8z5HmhymPpSj6uENZvVKZvCBYdDVmbBVJnLStitxtWrterAOQZkKGlqVdzxNXYeif5hOAMNMS5mw=="
		},
		"braintree-web": {
			"version": "3.62.2",
			"resolved": "https://registry.npmjs.org/braintree-web/-/braintree-web-3.62.2.tgz",
			"integrity": "sha512-cZGl28/lndJ7PtjmVdg0L/pSqL1Tzd1zYVx74ViAT9qkHVAKWBMBU9eVJSozPwNa2KtNHortCj1GkP3m80Hmag==",
			"requires": {
				"@braintree/asset-loader": "0.3.1",
				"@braintree/browser-detection": "1.9.0",
				"@braintree/class-list": "0.1.0",
				"@braintree/event-emitter": "0.3.0",
				"@braintree/extended-promise": "0.3.0",
				"@braintree/iframer": "1.0.3",
				"@braintree/sanitize-url": "4.0.1",
				"@braintree/wrap-promise": "2.0.0",
				"card-validator": "6.2.0",
				"credit-card-type": "8.3.0",
				"framebus": "4.0.1",
				"inject-stylesheet": "2.0.0",
				"promise-polyfill": "8.1.3",
				"restricted-input": "2.1.0"
			}
		},
		"card-validator": {
			"version": "6.2.0",
			"resolved": "https://registry.npmjs.org/card-validator/-/card-validator-6.2.0.tgz",
			"integrity": "sha512-1vYv45JaE9NmixZr4dl6ykzbFKv7imI9L7MQDs235b/a7EGbG8rrEsipeHtVvscLSUbl3RX6UP5gyOe0Y2FlHA==",
			"requires": {
				"credit-card-type": "^8.0.0"
			}
		},
		"classnames": {
			"version": "2.3.1",
			"resolved": "https://registry.npmjs.org/classnames/-/classnames-2.3.1.tgz",
			"integrity": "sha512-OlQdbZ7gLfGarSqxesMesDa5uz7KFbID8Kpq/SxIoNGDqY8lSYs0D+hhtBXhcdB3rcbXArFr7vlHheLk1voeNA=="
		},
		"core-js": {
			"version": "3.22.3",
			"resolved": "https://registry.npmjs.org/core-js/-/core-js-3.22.3.tgz",
			"integrity": "sha512-1t+2a/d2lppW1gkLXx3pKPVGbBdxXAkqztvWb1EJ8oF8O2gIGiytzflNiFEehYwVK/t2ryUsGBoOFFvNx95mbg=="
		},
		"core-js-pure": {
			"version": "3.22.3",
			"resolved": "https://registry.npmjs.org/core-js-pure/-/core-js-pure-3.22.3.tgz",
			"integrity": "sha512-oN88zz7nmKROMy8GOjs+LN+0LedIvbMdnB5XsTlhcOg1WGARt9l0LFg0zohdoFmCsEZ1h2ZbSQ6azj3M+vhzwQ=="
		},
		"credit-card-type": {
			"version": "8.3.0",
			"resolved": "https://registry.npmjs.org/credit-card-type/-/credit-card-type-8.3.0.tgz",
			"integrity": "sha512-czfZUpQ7W9CDxZL4yFLb1kFtM/q2lTOY975hL2aO+DC8+GRNDVSXVCHXhVFZPxiUKmQCZbFP8vIhxx5TBQaThw=="
		},
		"framebus": {
			"version": "4.0.1",
			"resolved": "https://registry.npmjs.org/framebus/-/framebus-4.0.1.tgz",
			"integrity": "sha512-DCa3iGTCBHPHCxGbtCSZwxK4kAFF3zqWqEy7CHdbVqoaxDfcpIW0IP6SMdwFUSq1znvMWhn7B8ZM0gS9Np55rw=="
		},
		"inject-stylesheet": {
			"version": "2.0.0",
			"resolved": "https://registry.npmjs.org/inject-stylesheet/-/inject-stylesheet-2.0.0.tgz",
			"integrity": "sha512-XiItpXWDXRrH1VhG5AnHghuZdpDp6UeugiOKBr3RGmANucucHwKuT0BPSB0zpDqiX3P+rhhJFip1rxOI18+/Tw=="
		},
		"preact": {
			"version": "10.7.1",
			"resolved": "https://registry.npmjs.org/preact/-/preact-10.7.1.tgz",
			"integrity": "sha512-MufnRFz39aIhs9AMFisonjzTud1PK1bY+jcJLo6m2T9Uh8AqjD77w11eAAawmjUogoGOnipECq7e/1RClIKsxg=="
		},
		"promise-polyfill": {
			"version": "8.1.3",
			"resolved": "https://registry.npmjs.org/promise-polyfill/-/promise-polyfill-8.1.3.tgz",
			"integrity": "sha512-MG5r82wBzh7pSKDRa9y+vllNHz3e3d4CNj1PQE4BQYxLme0gKYYBm9YENq+UkEikyZ0XbiGWxYlVw3Rl9O/U8g=="
		},
		"restricted-input": {
			"version": "2.1.0",
			"resolved": "https://registry.npmjs.org/restricted-input/-/restricted-input-2.1.0.tgz",
			"integrity": "sha512-dH4cNfdTgChSlqYGff0zMtLSPWj3oU4oph9GvHgWhDEiHftk7/B9Ci5y5mCts2atvcm2a0gTZ8XqNaP9cVzMwg==",
			"requires": {
				"@braintree/browser-detection": "^1.9.0"
			}
		}
	}
}
