{
  "name": "@karhoo/demand-bloc-payment",
  "version": "17.12.0",
  "lockfileVersion": 1,
  "requires": true,
  "dependencies": {
    "@adyen/adyen-web": {
      "version": "4.9.0",
      "resolved": "https://registry.npmjs.org/@adyen/adyen-web/-/adyen-web-4.9.0.tgz",
      "integrity": "sha512-qLRMt7JaA2SCoOtT2oipdrGU+CUuVqF35JQHYrc13buuWQmMHRTQSVrgdK60AoA/KkfekFmVyf1UNMcHnuyQbQ==",
      "requires": {
        "@types/applepayjs": "^3.0.2",
        "@types/googlepay": "^0.6.2",
        "classnames": "^2.3.1",
        "core-js": "^3.18.1",
        "preact": "^10.5.13"
      },
      "dependencies": {
        "core-js": {
          "version": "3.25.5",
          "resolved": "https://registry.npmjs.org/core-js/-/core-js-3.25.5.tgz",
          "integrity": "sha512-nbm6eZSjm+ZuBQxCUPQKQCoUEfFOXjUZ8dTTyikyKaWrTYmAVbykQfwsKE5dBK88u3QCkCrzsx/PPlKfhsvgpw=="
        }
      }
    },
    "@braintree/asset-loader": {
      "version": "0.4.4",
      "resolved": "https://registry.npmjs.org/@braintree/asset-loader/-/asset-loader-0.4.4.tgz",
      "integrity": "sha512-uVhXC5dydmngmNVuDiKgfXSlz4kv4x5ytIJodI8N5SY16mRh13m/UmbQ7yH+o8DQqp50qPZ45MUHIZkXKPg85w==",
      "requires": {
        "promise-polyfill": "^8.1.3"
      }
    },
    "@braintree/browser-detection": {
      "version": "1.14.0",
      "resolved": "https://registry.npmjs.org/@braintree/browser-detection/-/browser-detection-1.14.0.tgz",
      "integrity": "sha512-OsqU+28RhNvSw8Y5JEiUHUrAyn4OpYazFkjSJe8ZVZfkAaRXQc6hsV38MMEpIlkPMig+A68buk/diY+0O8/dMQ=="
    },
    "@braintree/class-list": {
      "version": "0.2.0",
      "resolved": "https://registry.npmjs.org/@braintree/class-list/-/class-list-0.2.0.tgz",
      "integrity": "sha512-iLXJT51jnBFuGvyTAQqZ2uwyEVwdyapyz52F5MK1Uoh2ZOiPJ5hoqI0wncyCP2KfqrgyCpOkkEaLMLb/94unGA=="
    },
    "@braintree/event-emitter": {
      "version": "0.4.1",
      "resolved": "https://registry.npmjs.org/@braintree/event-emitter/-/event-emitter-0.4.1.tgz",
      "integrity": "sha512-X41357O3OXUDlnwMvS1m0GQEn3zB3s3flOBeg2J5OBvLvdJEIAVpPkblABPtsPrlciDSvfv1aSG5ixHPgFH0Zg=="
    },
    "@braintree/extended-promise": {
      "version": "0.4.1",
      "resolved": "https://registry.npmjs.org/@braintree/extended-promise/-/extended-promise-0.4.1.tgz",
      "integrity": "sha512-00n7m4z+swWHoFQLHLvrIBIEoxnGUBsl3ogvX79ITpcn8CHczDwtxYy5+RhMoAraRdfN3oB+8QIpN3KOxs2Q7w=="
    },
    "@braintree/iframer": {
      "version": "1.1.0",
      "resolved": "https://registry.npmjs.org/@braintree/iframer/-/iframer-1.1.0.tgz",
      "integrity": "sha512-tVpr7U6u6bqeQlHreEjYMNtnHX62vLnNWziY2kQLqkWhvusPuY5DfuGEIPpWqsd+V/a1slyTQaxK6HWTlH6A/Q=="
    },
    "@braintree/sanitize-url": {
      "version": "6.0.0",
      "resolved": "https://registry.npmjs.org/@braintree/sanitize-url/-/sanitize-url-6.0.0.tgz",
      "integrity": "sha512-mgmE7XBYY/21erpzhexk4Cj1cyTQ9LzvnTxtzM17BJ7ERMNE6W72mQRo0I1Ud8eFJ+RVVIcBNhLFZ3GX4XFz5w=="
    },
    "@braintree/uuid": {
      "version": "0.1.0",
      "resolved": "https://registry.npmjs.org/@braintree/uuid/-/uuid-0.1.0.tgz",
      "integrity": "sha512-YvZJdlNcK5EnR+7M8AjgEAf4Qx696+FOSYlPfy5ePn80vODtVAUU0FxHnzKZC0og1VbDNQDDiwhthR65D4Na0g=="
    },
    "@braintree/wrap-promise": {
      "version": "2.1.0",
      "resolved": "https://registry.npmjs.org/@braintree/wrap-promise/-/wrap-promise-2.1.0.tgz",
      "integrity": "sha512-UIrJB+AfKU0CCfbMoWrsGpd2D/hBpY/SGgFI6WRHPOwhaZ3g9rz1weiJ6eb6L9KgVyunT7s2tckcPkbHw+NzeA=="
    },
    "@types/applepayjs": {
      "version": "3.0.4",
      "resolved": "https://registry.npmjs.org/@types/applepayjs/-/applepayjs-3.0.4.tgz",
      "integrity": "sha512-RqaVZWy1Kj4e1PoUoOI8uA+4UuuLpicQFxfU9Y/xWJFZFT6mFB4PiiY911iDxFk7pdvaj5HKH7VsWRisRca1Rg=="
    },
    "@types/googlepay": {
      "version": "0.6.4",
      "resolved": "https://registry.npmjs.org/@types/googlepay/-/googlepay-0.6.4.tgz",
      "integrity": "sha512-PTt/UCllzl8z5HmhymPpSj6uENZvVKZvCBYdDVmbBVJnLStitxtWrterAOQZkKGlqVdzxNXYeif5hOAMNMS5mw=="
    },
    "braintree-web": {
      "version": "3.88.1",
      "resolved": "https://registry.npmjs.org/braintree-web/-/braintree-web-3.88.1.tgz",
      "integrity": "sha512-+57sUyDJ5vMAtw19AJeZyJFFrEm2+fXX7oIfnra1L9HnRu2PefRc38pq10GNO0sy8ldEE5msryMczg7RH+mjSA==",
      "requires": {
        "@braintree/asset-loader": "0.4.4",
        "@braintree/browser-detection": "1.14.0",
        "@braintree/class-list": "0.2.0",
        "@braintree/event-emitter": "0.4.1",
        "@braintree/extended-promise": "0.4.1",
        "@braintree/iframer": "1.1.0",
        "@braintree/sanitize-url": "6.0.0",
        "@braintree/uuid": "0.1.0",
        "@braintree/wrap-promise": "2.1.0",
        "card-validator": "8.1.1",
        "credit-card-type": "9.1.0",
        "framebus": "5.1.2",
        "inject-stylesheet": "5.0.0",
        "promise-polyfill": "8.2.3",
        "restricted-input": "3.0.5"
      }
    },
    "card-validator": {
      "version": "8.1.1",
      "resolved": "https://registry.npmjs.org/card-validator/-/card-validator-8.1.1.tgz",
      "integrity": "sha512-cN4FsKwoTfTFnqPwVc7TQLSsH/QMDB3n/gWm0XelcApz4sKipnOQ6k33sa3bWsNnnIpgs7eXOF+mUV2UQAX2Sw==",
      "requires": {
        "credit-card-type": "^9.1.0"
      }
    },
    "classnames": {
      "version": "2.3.2",
      "resolved": "https://registry.npmjs.org/classnames/-/classnames-2.3.2.tgz",
      "integrity": "sha512-CSbhY4cFEJRe6/GQzIk5qXZ4Jeg5pcsP7b5peFSDpffpe1cqjASH/n9UTjBwOp6XpMSTwQ8Za2K5V02ueA7Tmw=="
    },
    "core-js-pure": {
      "version": "3.25.5",
      "resolved": "https://registry.npmjs.org/core-js-pure/-/core-js-pure-3.25.5.tgz",
      "integrity": "sha512-oml3M22pHM+igfWHDfdLVq2ShWmjM2V4L+dQEBs0DWVIqEm9WHCwGAlZ6BmyBQGy5sFrJmcx+856D9lVKyGWYg=="
    },
    "credit-card-type": {
      "version": "9.1.0",
      "resolved": "https://registry.npmjs.org/credit-card-type/-/credit-card-type-9.1.0.tgz",
      "integrity": "sha512-CpNFuLxiPFxuZqhSKml3M+t0K/484pMAnfYWH14JoD7OZMnmC0Lmo+P7JX9SobqFpRoo7ifA18kOHdxJywYPEA=="
    },
    "framebus": {
      "version": "5.1.2",
      "resolved": "https://registry.npmjs.org/framebus/-/framebus-5.1.2.tgz",
      "integrity": "sha512-Z/y6/0gHVx4Td4c0jkDiASBo0pXlJ2fKOP6CynSFnxTzqojG9xOKOFOqoYkcBHlz1vP4t4yHHR6Esp+GsYIh/Q==",
      "requires": {
        "@braintree/uuid": "^0.1.0"
      }
    },
    "inject-stylesheet": {
      "version": "5.0.0",
      "resolved": "https://registry.npmjs.org/inject-stylesheet/-/inject-stylesheet-5.0.0.tgz",
      "integrity": "sha512-GzncrJP8E/pavMQzoO93CXoYCfTttwVm2cX2TyXJdgtVE0cCvWSFCn1/uMsM6ZkEg7LUsOcKuamcLiGWlv2p9A=="
    },
    "preact": {
      "version": "10.11.1",
      "resolved": "https://registry.npmjs.org/preact/-/preact-10.11.1.tgz",
      "integrity": "sha512-1Wz5PCRm6Fg+6BTXWJHhX4wRK9MZbZBHuwBqfZlOdVm2NqPe8/rjYpufvYCwJSGb9layyzB2jTTXfpCTynLqFQ=="
    },
    "promise-polyfill": {
      "version": "8.2.3",
      "resolved": "https://registry.npmjs.org/promise-polyfill/-/promise-polyfill-8.2.3.tgz",
      "integrity": "sha512-Og0+jCRQetV84U8wVjMNccfGCnMQ9mGs9Hv78QFe+pSDD3gWTpz0y+1QCuxy5d/vBFuZ3iwP2eycAkvqIMPmWg=="
    },
    "restricted-input": {
      "version": "3.0.5",
      "resolved": "https://registry.npmjs.org/restricted-input/-/restricted-input-3.0.5.tgz",
      "integrity": "sha512-lUuXZ3wUnHURRarj5/0C8vomWIfWJO+p7T6RYwB46v7Oyuyr3yyupU+i7SjqUv4S6RAeAAZt1C/QCLJ9xhQBow==",
      "requires": {
        "@braintree/browser-detection": "^1.12.1"
      }
    }
  }
}
