{
  "name": "@karhoo/demand-deeplink",
  "version": "17.2.0",
  "lockfileVersion": 1,
  "requires": true,
  "dependencies": {
    "@karhoo/demand-api": {
      "version": "17.2.0",
      "resolved": "https://registry.npmjs.org/@karhoo/demand-api/-/demand-api-17.2.0.tgz",
      "integrity": "sha512-giF8FJmkw/KaAnQR1BJzo85i2e4E3NGrZ2M22YsED7Y1bET4kptEXlnoFDCgNUKBqfUlaTPQ9bUWrayrpZRj8g==",
      "requires": {
        "core-js-pure": "^3.20.1",
        "date-and-time": "^2.0.1",
        "lodash": "^4.17.21",
        "lodash-es": "^4.17.21",
        "uuid": "^8.3.2"
      }
    },
    "core-js-pure": {
      "version": "3.21.1",
      "resolved": "https://registry.npmjs.org/core-js-pure/-/core-js-pure-3.21.1.tgz",
      "integrity": "sha512-12VZfFIu+wyVbBebyHmRTuEE/tZrB4tJToWcwAMcsp3h4+sHR+fMJWbKpYiCRWlhFBq+KNyO8rIV9rTkeVmznQ=="
    },
    "date-and-time": {
      "version": "2.3.0",
      "resolved": "https://registry.npmjs.org/date-and-time/-/date-and-time-2.3.0.tgz",
      "integrity": "sha512-DY53oj742mykXjZzDxT7NxH5cxwBRb7FsVG5+8pcV96qU9JQd0UhA21pQB18fwwsXOXeSM0RJV4OzgVxu8eatg=="
    },
    "lodash": {
      "version": "4.17.21",
      "resolved": "https://registry.npmjs.org/lodash/-/lodash-4.17.21.tgz",
      "integrity": "sha512-v2kDEe57lecTulaDIuNTPy3Ry4gLGJ6Z1O3vE1krgXZNrsQ+LFTGHVxVjcXPs17LhbZVGedAJv8XZ1tvj5FvSg=="
    },
    "lodash-es": {
      "version": "4.17.21",
      "resolved": "https://registry.npmjs.org/lodash-es/-/lodash-es-4.17.21.tgz",
      "integrity": "sha512-mKnC+QJ9pWVzv+C4/U3rRsHapFfHvQFoFB92e52xeyGMcX6/OlIl78je1u8vePzYZSkkogMPJ2yjxxsb89cxyw=="
    },
    "uuid": {
      "version": "8.3.2",
      "resolved": "https://registry.npmjs.org/uuid/-/uuid-8.3.2.tgz",
      "integrity": "sha512-+NYs2QeMWy+GWFOEm9xnn6HCDp0l7QBD7ml8zLUmJ+93Q5NF0NocErnwkTkXVFNiX3/fpC6afS8Dhb/gz7R7eg=="
    }
  }
}
